// !$*UTF8*$!
{
	archiveVersion = 1;
	classes = {
	};
	objectVersion = 77;
	objects = {

/* Begin PBXBuildFile section */
		0424454F66493B54DFE60FB9 /* straight_drums.wav in Resources */ = {isa = PBXBuildFile; fileRef = D0609FD72E1199D93EC525F7 /* straight_drums.wav */; };
		0B49BD178531D7E921EECD51 /* amen.wav in Resources */ = {isa = PBXBuildFile; fileRef = B1B824CA8338CFBF8C87FF82 /* amen.wav */; };
		10593D57FC3B2A6D37F0E684 /* groove_library.json in Resources */ = {isa = PBXBuildFile; fileRef = 4491F74801CF24797ABA9D80 /* groove_library.json */; };
		38A6CA937C02FD394620AE4B /* demoSongA.wav in Resources */ = {isa = PBXBuildFile; fileRef = 612DA09281E140656D1664F2 /* demoSongA.wav */; };
		3E9E536ABC0E13369B8BE9E4 /* AudioEngine.swift in Sources */ = {isa = PBXBuildFile; fileRef = 03E800A5EF2773135A8E94DF /* AudioEngine.swift */; };
		4BA94FD98D07958346A7AC77 /* GroovePlayerApp.swift in Sources */ = {isa = PBXBuildFile; fileRef = DF3686C236103DCCD4423755 /* GroovePlayerApp.swift */; };
		70ADD8E9DCF4C988C9231C2F /* MGMKit in Frameworks */ = {isa = PBXBuildFile; productRef = 29D527B76E2A4F309DDB3B70 /* MGMKit */; };
		740CDEC1F7FAD8BE9C3F6318 /* ContentView.swift in Sources */ = {isa = PBXBuildFile; fileRef = 3EA8F3F638D1889B2FE1A8D2 /* ContentView.swift */; };
		745CBE69BC2B77B25AE05D19 /* Store.swift in Sources */ = {isa = PBXBuildFile; fileRef = B884F8BFA85F90A3A569B8FA /* Store.swift */; };
		8831053FF5A97CF32181C4BC /* AppUITests.swift in Sources */ = {isa = PBXBuildFile; fileRef = D83A2CAB6DFB85CA7B923419 /* AppUITests.swift */; };
		95653F2C840CADED491C6BE4 /* RemoteAnalyzer.swift in Sources */ = {isa = PBXBuildFile; fileRef = A8D7B87279A1E2D53BA3A3E4 /* RemoteAnalyzer.swift */; };
		9E40DFBF58824435A6E24988 /* MGMKit in Frameworks */ = {isa = PBXBuildFile; productRef = 629A2817D24B71B8B4D589E9 /* MGMKit */; };
		C7334408B79088BA2B0F1633 /* STTTabs.swift in Sources */ = {isa = PBXBuildFile; fileRef = 3DC3C57409BFB5369DB57924 /* STTTabs.swift */; };
		D700D920C9DA444B4524ACD2 /* StoreTests.swift in Sources */ = {isa = PBXBuildFile; fileRef = E94F6ACDE769E52430A882EE /* StoreTests.swift */; };
		E52FBCC0CBA3D9E2218DE3FB /* demoSongB.wav in Resources */ = {isa = PBXBuildFile; fileRef = AEEC452C464E56035AFFAAAE /* demoSongB.wav */; };
		E6C516975257AA2104FD9956 /* MGMTabs.swift in Sources */ = {isa = PBXBuildFile; fileRef = CDC7139A420A82917EA19F69 /* MGMTabs.swift */; };
/* End PBXBuildFile section */

/* Begin PBXContainerItemProxy section */
		16D9BBA915B9CD89919F208B /* PBXContainerItemProxy */ = {
			isa = PBXContainerItemProxy;
			containerPortal = 74E9D14A3A512CD785B1FC81 /* Project object */;
			proxyType = 1;
			remoteGlobalIDString = 943218B91F6A5ADF5518FB22;
			remoteInfo = GroovePlayer;
		};
		A1786703E59332D892D5DAC2 /* PBXContainerItemProxy */ = {
			isa = PBXContainerItemProxy;
			containerPortal = 74E9D14A3A512CD785B1FC81 /* Project object */;
			proxyType = 1;
			remoteGlobalIDString = 943218B91F6A5ADF5518FB22;
			remoteInfo = GroovePlayer;
		};
/* End PBXContainerItemProxy section */

/* Begin PBXFileReference section */
		03E800A5EF2773135A8E94DF /* AudioEngine.swift */ = {isa = PBXFileReference; lastKnownFileType = sourcecode.swift; path = AudioEngine.swift; sourceTree = "<group>"; };
		3DC3C57409BFB5369DB57924 /* STTTabs.swift */ = {isa = PBXFileReference; lastKnownFileType = sourcecode.swift; path = STTTabs.swift; sourceTree = "<group>"; };
		3EA8F3F638D1889B2FE1A8D2 /* ContentView.swift */ = {isa = PBXFileReference; lastKnownFileType = sourcecode.swift; path = ContentView.swift; sourceTree = "<group>"; };
		4491F74801CF24797ABA9D80 /* groove_library.json */ = {isa = PBXFileReference; lastKnownFileType = text.json; path = groove_library.json; sourceTree = "<group>"; };
		612DA09281E140656D1664F2 /* demoSongA.wav */ = {isa = PBXFileReference; lastKnownFileType = audio.wav; path = demoSongA.wav; sourceTree = "<group>"; };
		6BCC4B78F075C08E4E76D261 /* MGMKit */ = {isa = PBXFileReference; lastKnownFileType = folder; name = MGMKit; path = ../MGMKit; sourceTree = SOURCE_ROOT; };
		9A2D615171E59BA93A6D0FD8 /* GroovePlayerTests.xctest */ = {isa = PBXFileReference; includeInIndex = 0; lastKnownFileType = wrapper.cfbundle; path = GroovePlayerTests.xctest; sourceTree = BUILT_PRODUCTS_DIR; };
		A533BB44F7B4278C838D3BC0 /* GroovePlayerUITests.xctest */ = {isa = PBXFileReference; includeInIndex = 0; lastKnownFileType = wrapper.cfbundle; path = GroovePlayerUITests.xctest; sourceTree = BUILT_PRODUCTS_DIR; };
		A8D7B87279A1E2D53BA3A3E4 /* RemoteAnalyzer.swift */ = {isa = PBXFileReference; lastKnownFileType = sourcecode.swift; path = RemoteAnalyzer.swift; sourceTree = "<group>"; };
		AEEC452C464E56035AFFAAAE /* demoSongB.wav */ = {isa = PBXFileReference; lastKnownFileType = audio.wav; path = demoSongB.wav; sourceTree = "<group>"; };
		B1B824CA8338CFBF8C87FF82 /* amen.wav */ = {isa = PBXFileReference; lastKnownFileType = audio.wav; path = amen.wav; sourceTree = "<group>"; };
		B884F8BFA85F90A3A569B8FA /* Store.swift */ = {isa = PBXFileReference; lastKnownFileType = sourcecode.swift; path = Store.swift; sourceTree = "<group>"; };
		CB6A98B7D0417CE847CD143A /* GroovePlayer.app */ = {isa = PBXFileReference; includeInIndex = 0; lastKnownFileType = wrapper.application; path = GroovePlayer.app; sourceTree = BUILT_PRODUCTS_DIR; };
		CDC7139A420A82917EA19F69 /* MGMTabs.swift */ = {isa = PBXFileReference; lastKnownFileType = sourcecode.swift; path = MGMTabs.swift; sourceTree = "<group>"; };
		D0609FD72E1199D93EC525F7 /* straight_drums.wav */ = {isa = PBXFileReference; lastKnownFileType = audio.wav; path = straight_drums.wav; sourceTree = "<group>"; };
		D83A2CAB6DFB85CA7B923419 /* AppUITests.swift */ = {isa = PBXFileReference; lastKnownFileType = sourcecode.swift; path = AppUITests.swift; sourceTree = "<group>"; };
		DF3686C236103DCCD4423755 /* GroovePlayerApp.swift */ = {isa = PBXFileReference; lastKnownFileType = sourcecode.swift; path = GroovePlayerApp.swift; sourceTree = "<group>"; };
		E94F6ACDE769E52430A882EE /* StoreTests.swift */ = {isa = PBXFileReference; lastKnownFileType = sourcecode.swift; path = StoreTests.swift; sourceTree = "<group>"; };
/* End PBXFileReference section */

/* Begin PBXFrameworksBuildPhase section */
		0544612D60AB58BFE74997E4 /* Frameworks */ = {
			isa = PBXFrameworksBuildPhase;
			buildActionMask = 2147483647;
			files = (
				9E40DFBF58824435A6E24988 /* MGMKit in Frameworks */,
			);
			runOnlyForDeploymentPostprocessing = 0;
		};
		4956C6B4FA558D5CE1538AC2 /* Frameworks */ = {
			isa = PBXFrameworksBuildPhase;
			buildActionMask = 2147483647;
			files = (
				70ADD8E9DCF4C988C9231C2F /* MGMKit in Frameworks */,
			);
			runOnlyForDeploymentPostprocessing = 0;
		};
/* End PBXFrameworksBuildPhase section */

/* Begin PBXGroup section */
		1CF6639C884E54DEDEC7CFD8 = {
			isa = PBXGroup;
			children = (
				7DD1384E63BDAD43D4D27DB6 /* Packages */,
				98E406D710F9CE6E7B75E5A3 /* Resources */,
				74987F160838EA0CC96F3C36 /* Sources */,
				E81E772A763234AC68582699 /* Tests */,
				3206A822BA9ED4EF36E8BB2D /* UITests */,
				6908D38D48CD0689C981D2F7 /* Products */,
			);
			sourceTree = "<group>";
		};
		3206A822BA9ED4EF36E8BB2D /* UITests */ = {
			isa = PBXGroup;
			children = (
				D83A2CAB6DFB85CA7B923419 /* AppUITests.swift */,
			);
			path = UITests;
			sourceTree = "<group>";
		};
		6908D38D48CD0689C981D2F7 /* Products */ = {
			isa = PBXGroup;
			children = (
				CB6A98B7D0417CE847CD143A /* GroovePlayer.app */,
				9A2D615171E59BA93A6D0FD8 /* GroovePlayerTests.xctest */,
				A533BB44F7B4278C838D3BC0 /* GroovePlayerUITests.xctest */,
			);
			name = Products;
			sourceTree = "<group>";
		};
		74987F160838EA0CC96F3C36 /* Sources */ = {
			isa = PBXGroup;
			children = (
				03E800A5EF2773135A8E94DF /* AudioEngine.swift */,
				3EA8F3F638D1889B2FE1A8D2 /* ContentView.swift */,
				DF3686C236103DCCD4423755 /* GroovePlayerApp.swift */,
				CDC7139A420A82917EA19F69 /* MGMTabs.swift */,
				A8D7B87279A1E2D53BA3A3E4 /* RemoteAnalyzer.swift */,
				B884F8BFA85F90A3A569B8FA /* Store.swift */,
				3DC3C57409BFB5369DB57924 /* STTTabs.swift */,
			);
			path = Sources;
			sourceTree = "<group>";
		};
		7DD1384E63BDAD43D4D27DB6 /* Packages */ = {
			isa = PBXGroup;
			children = (
				6BCC4B78F075C08E4E76D261 /* MGMKit */,
			);
			name = Packages;
			sourceTree = "<group>";
		};
		98E406D710F9CE6E7B75E5A3 /* Resources */ = {
			isa = PBXGroup;
			children = (
				B1B824CA8338CFBF8C87FF82 /* amen.wav */,
				612DA09281E140656D1664F2 /* demoSongA.wav */,
				AEEC452C464E56035AFFAAAE /* demoSongB.wav */,
				4491F74801CF24797ABA9D80 /* groove_library.json */,
				D0609FD72E1199D93EC525F7 /* straight_drums.wav */,
			);
			path = Resources;
			sourceTree = "<group>";
		};
		E81E772A763234AC68582699 /* Tests */ = {
			isa = PBXGroup;
			children = (
				E94F6ACDE769E52430A882EE /* StoreTests.swift */,
			);
			path = Tests;
			sourceTree = "<group>";
		};
/* End PBXGroup section */

/* Begin PBXNativeTarget section */
		943218B91F6A5ADF5518FB22 /* GroovePlayer */ = {
			isa = PBXNativeTarget;
			buildConfigurationList = 1051C11935DEBCF4A93757B4 /* Build configuration list for PBXNativeTarget "GroovePlayer" */;
			buildPhases = (
				C4A6F8C88C9465274C7EFC3D /* Sources */,
				D0D3EDBF92AA05E9DBC21BBD /* Resources */,
				0544612D60AB58BFE74997E4 /* Frameworks */,
			);
			buildRules = (
			);
			dependencies = (
			);
			name = GroovePlayer;
			packageProductDependencies = (
				629A2817D24B71B8B4D589E9 /* MGMKit */,
			);
			productName = GroovePlayer;
			productReference = CB6A98B7D0417CE847CD143A /* GroovePlayer.app */;
			productType = "com.apple.product-type.application";
		};
		94437BF7408D7DD74B4146CA /* GroovePlayerUITests */ = {
			isa = PBXNativeTarget;
			buildConfigurationList = 79AFA9F5D1118ED0BA8C34BF /* Build configuration list for PBXNativeTarget "GroovePlayerUITests" */;
			buildPhases = (
				C1AED8C08A4711863C33C61B /* Sources */,
			);
			buildRules = (
			);
			dependencies = (
				7A404F6048C147063F937271 /* PBXTargetDependency */,
			);
			name = GroovePlayerUITests;
			packageProductDependencies = (
			);
			productName = GroovePlayerUITests;
			productReference = A533BB44F7B4278C838D3BC0 /* GroovePlayerUITests.xctest */;
			productType = "com.apple.product-type.bundle.ui-testing";
		};
		E7B2FB77A7E242DD939CBFA8 /* GroovePlayerTests */ = {
			isa = PBXNativeTarget;
			buildConfigurationList = 9CF83F7EB21F857C65BC2B19 /* Build configuration list for PBXNativeTarget "GroovePlayerTests" */;
			buildPhases = (
				5D43238495E2F827429AA599 /* Sources */,
				4956C6B4FA558D5CE1538AC2 /* Frameworks */,
			);
			buildRules = (
			);
			dependencies = (
				EAC7D537A59FF4850A1CED3E /* PBXTargetDependency */,
			);
			name = GroovePlayerTests;
			packageProductDependencies = (
				29D527B76E2A4F309DDB3B70 /* MGMKit */,
			);
			productName = GroovePlayerTests;
			productReference = 9A2D615171E59BA93A6D0FD8 /* GroovePlayerTests.xctest */;
			productType = "com.apple.product-type.bundle.unit-test";
		};
/* End PBXNativeTarget section */

/* Begin PBXProject section */
		74E9D14A3A512CD785B1FC81 /* Project object */ = {
			isa = PBXProject;
			attributes = {
				BuildIndependentTargetsInParallel = YES;
				LastUpgradeCheck = 1430;
				TargetAttributes = {
					94437BF7408D7DD74B4146CA = {
						TestTargetID = 943218B91F6A5ADF5518FB22;
					};
				};
			};
			buildConfigurationList = 77DF7B45CA8719128BDCAAE0 /* Build configuration list for PBXProject "GroovePlayer" */;
			developmentRegion = en;
			hasScannedForEncodings = 0;
			knownRegions = (
				Base,
				en,
			);
			mainGroup = 1CF6639C884E54DEDEC7CFD8;
			minimizedProjectReferenceProxies = 1;
			packageReferences = (
				68E60E34AF59D99878063591 /* XCLocalSwiftPackageReference "../MGMKit" */,
			);
			preferredProjectObjectVersion = 77;
			productRefGroup = 6908D38D48CD0689C981D2F7 /* Products */;
			projectDirPath = "";
			projectRoot = "";
			targets = (
				943218B91F6A5ADF5518FB22 /* GroovePlayer */,
				E7B2FB77A7E242DD939CBFA8 /* GroovePlayerTests */,
				94437BF7408D7DD74B4146CA /* GroovePlayerUITests */,
			);
		};
/* End PBXProject section */

/* Begin PBXResourcesBuildPhase section */
		D0D3EDBF92AA05E9DBC21BBD /* Resources */ = {
			isa = PBXResourcesBuildPhase;
			buildActionMask = 2147483647;
			files = (
				0B49BD178531D7E921EECD51 /* amen.wav in Resources */,
				38A6CA937C02FD394620AE4B /* demoSongA.wav in Resources */,
				E52FBCC0CBA3D9E2218DE3FB /* demoSongB.wav in Resources */,
				10593D57FC3B2A6D37F0E684 /* groove_library.json in Resources */,
				0424454F66493B54DFE60FB9 /* straight_drums.wav in Resources */,
			);
			runOnlyForDeploymentPostprocessing = 0;
		};
/* End PBXResourcesBuildPhase section */

/* Begin PBXSourcesBuildPhase section */
		5D43238495E2F827429AA599 /* Sources */ = {
			isa = PBXSourcesBuildPhase;
			buildActionMask = 2147483647;
			files = (
				D700D920C9DA444B4524ACD2 /* StoreTests.swift in Sources */,
			);
			runOnlyForDeploymentPostprocessing = 0;
		};
		C1AED8C08A4711863C33C61B /* Sources */ = {
			isa = PBXSourcesBuildPhase;
			buildActionMask = 2147483647;
			files = (
				8831053FF5A97CF32181C4BC /* AppUITests.swift in Sources */,
			);
			runOnlyForDeploymentPostprocessing = 0;
		};
		C4A6F8C88C9465274C7EFC3D /* Sources */ = {
			isa = PBXSourcesBuildPhase;
			buildActionMask = 2147483647;
			files = (
				3E9E536ABC0E13369B8BE9E4 /* AudioEngine.swift in Sources */,
				740CDEC1F7FAD8BE9C3F6318 /* ContentView.swift in Sources */,
				4BA94FD98D07958346A7AC77 /* GroovePlayerApp.swift in Sources */,
				E6C516975257AA2104FD9956 /* MGMTabs.swift in Sources */,
				95653F2C840CADED491C6BE4 /* RemoteAnalyzer.swift in Sources */,
				C7334408B79088BA2B0F1633 /* STTTabs.swift in Sources */,
				745CBE69BC2B77B25AE05D19 /* Store.swift in Sources */,
			);
			runOnlyForDeploymentPostprocessing = 0;
		};
/* End PBXSourcesBuildPhase section */

/* Begin PBXTargetDependency section */
		7A404F6048C147063F937271 /* PBXTargetDependency */ = {
			isa = PBXTargetDependency;
			target = 943218B91F6A5ADF5518FB22 /* GroovePlayer */;
			targetProxy = A1786703E59332D892D5DAC2 /* PBXContainerItemProxy */;
		};
		EAC7D537A59FF4850A1CED3E /* PBXTargetDependency */ = {
			isa = PBXTargetDependency;
			target = 943218B91F6A5ADF5518FB22 /* GroovePlayer */;
			targetProxy = 16D9BBA915B9CD89919F208B /* PBXContainerItemProxy */;
		};
/* End PBXTargetDependency section */

/* Begin XCBuildConfiguration section */
		66FFAC9E6AE5EFBC0230631D /* Release */ = {
			isa = XCBuildConfiguration;
			buildSettings = {
				BUNDLE_LOADER = "$(TEST_HOST)";
				GENERATE_INFOPLIST_FILE = YES;
				IPHONEOS_DEPLOYMENT_TARGET = 16.0;
				LD_RUNPATH_SEARCH_PATHS = (
					"$(inherited)",
					"@executable_path/Frameworks",
					"@loader_path/Frameworks",
				);
				PRODUCT_BUNDLE_IDENTIFIER = com.lucastsui.GroovePlayerUITests;
				SDKROOT = iphoneos;
				TARGETED_DEVICE_FAMILY = "1,2";
				TEST_TARGET_NAME = GroovePlayer;
			};
			name = Release;
		};
		7AB31707ECC1C3857FB3E0B3 /* Release */ = {
			isa = XCBuildConfiguration;
			buildSettings = {
				BUNDLE_LOADER = "$(TEST_HOST)";
				GENERATE_INFOPLIST_FILE = YES;
				IPHONEOS_DEPLOYMENT_TARGET = 16.0;
				LD_RUNPATH_SEARCH_PATHS = (
					"$(inherited)",
					"@executable_path/Frameworks",
					"@loader_path/Frameworks",
				);
				PRODUCT_BUNDLE_IDENTIFIER = com.lucastsui.GroovePlayerTests;
				SDKROOT = iphoneos;
				TARGETED_DEVICE_FAMILY = "1,2";
				TEST_HOST = "$(BUILT_PRODUCTS_DIR)/GroovePlayer.app/GroovePlayer";
			};
			name = Release;
		};
		8EC1E30D326591D79FBCD05F /* Release */ = {
			isa = XCBuildConfiguration;
			buildSettings = {
				ALWAYS_SEARCH_USER_PATHS = NO;
				CLANG_ANALYZER_NONNULL = YES;
				CLANG_ANALYZER_NUMBER_OBJECT_CONVERSION = YES_AGGRESSIVE;
				CLANG_CXX_LANGUAGE_STANDARD = "gnu++14";
				CLANG_CXX_LIBRARY = "libc++";
				CLANG_ENABLE_MODULES = YES;
				CLANG_ENABLE_OBJC_ARC = YES;
				CLANG_ENABLE_OBJC_WEAK = YES;
				CLANG_WARN_BLOCK_CAPTURE_AUTORELEASING = YES;
				CLANG_WARN_BOOL_CONVERSION = YES;
				CLANG_WARN_COMMA = YES;
				CLANG_WARN_CONSTANT_CONVERSION = YES;
				CLANG_WARN_DEPRECATED_OBJC_IMPLEMENTATIONS = YES;
				CLANG_WARN_DIRECT_OBJC_ISA_USAGE = YES_ERROR;
				CLANG_WARN_DOCUMENTATION_COMMENTS = YES;
				CLANG_WARN_EMPTY_BODY = YES;
				CLANG_WARN_ENUM_CONVERSION = YES;
				CLANG_WARN_INFINITE_RECURSION = YES;
				CLANG_WARN_INT_CONVERSION = YES;
				CLANG_WARN_NON_LITERAL_NULL_CONVERSION = YES;
				CLANG_WARN_OBJC_IMPLICIT_RETAIN_SELF = YES;
				CLANG_WARN_OBJC_LITERAL_CONVERSION = YES;
				CLANG_WARN_OBJC_ROOT_CLASS = YES_ERROR;
				CLANG_WARN_QUOTED_INCLUDE_IN_FRAMEWORK_HEADER = YES;
				CLANG_WARN_RANGE_LOOP_ANALYSIS = YES;
				CLANG_WARN_STRICT_PROTOTYPES = YES;
				CLANG_WARN_SUSPICIOUS_MOVE = YES;
				CLANG_WARN_UNGUARDED_AVAILABILITY = YES_AGGRESSIVE;
				CLANG_WARN_UNREACHABLE_CODE = YES;
				CLANG_WARN__DUPLICATE_METHOD_MATCH = YES;
				COPY_PHASE_STRIP = NO;
				DEBUG_INFORMATION_FORMAT = "dwarf-with-dsym";
				ENABLE_NS_ASSERTIONS = NO;
				ENABLE_STRICT_OBJC_MSGSEND = YES;
				GCC_C_LANGUAGE_STANDARD = gnu11;
				GCC_NO_COMMON_BLOCKS = YES;
				GCC_WARN_64_TO_32_BIT_CONVERSION = YES;
				GCC_WARN_ABOUT_RETURN_TYPE = YES_ERROR;
				GCC_WARN_UNDECLARED_SELECTOR = YES;
				GCC_WARN_UNINITIALIZED_AUTOS = YES_AGGRESSIVE;
				GCC_WARN_UNUSED_FUNCTION = YES;
				GCC_WARN_UNUSED_VARIABLE = YES;
				IPHONEOS_DEPLOYMENT_TARGET = 16.0;
				MTL_ENABLE_DEBUG_INFO = NO;
				MTL_FAST_MATH = YES;
				PRODUCT_NAME = "$(TARGET_NAME)";
				SDKROOT = iphoneos;
				SWIFT_COMPILATION_MODE = wholemodule;
				SWIFT_OPTIMIZATION_LEVEL = "-O";
				SWIFT_VERSION = 5.0;
			};
			name = Release;
		};
		8EDD2674173910F070EF045B /* Debug */ = {
			isa = XCBuildConfiguration;
			buildSettings = {
				BUNDLE_LOADER = "$(TEST_HOST)";
				GENERATE_INFOPLIST_FILE = YES;
				IPHONEOS_DEPLOYMENT_TARGET = 16.0;
				LD_RUNPATH_SEARCH_PATHS = (
					"$(inherited)",
					"@executable_path/Frameworks",
					"@loader_path/Frameworks",
				);
				PRODUCT_BUNDLE_IDENTIFIER = com.lucastsui.GroovePlayerUITests;
				SDKROOT = iphoneos;
				TARGETED_DEVICE_FAMILY = "1,2";
				TEST_TARGET_NAME = GroovePlayer;
			};
			name = Debug;
		};
		9B873CD6FA931C2D585B76D5 /* Debug */ = {
			isa = XCBuildConfiguration;
			buildSettings = {
				ALWAYS_SEARCH_USER_PATHS = NO;
				CLANG_ANALYZER_NONNULL = YES;
				CLANG_ANALYZER_NUMBER_OBJECT_CONVERSION = YES_AGGRESSIVE;
				CLANG_CXX_LANGUAGE_STANDARD = "gnu++14";
				CLANG_CXX_LIBRARY = "libc++";
				CLANG_ENABLE_MODULES = YES;
				CLANG_ENABLE_OBJC_ARC = YES;
				CLANG_ENABLE_OBJC_WEAK = YES;
				CLANG_WARN_BLOCK_CAPTURE_AUTORELEASING = YES;
				CLANG_WARN_BOOL_CONVERSION = YES;
				CLANG_WARN_COMMA = YES;
				CLANG_WARN_CONSTANT_CONVERSION = YES;
				CLANG_WARN_DEPRECATED_OBJC_IMPLEMENTATIONS = YES;
				CLANG_WARN_DIRECT_OBJC_ISA_USAGE = YES_ERROR;
				CLANG_WARN_DOCUMENTATION_COMMENTS = YES;
				CLANG_WARN_EMPTY_BODY = YES;
				CLANG_WARN_ENUM_CONVERSION = YES;
				CLANG_WARN_INFINITE_RECURSION = YES;
				CLANG_WARN_INT_CONVERSION = YES;
				CLANG_WARN_NON_LITERAL_NULL_CONVERSION = YES;
				CLANG_WARN_OBJC_IMPLICIT_RETAIN_SELF = YES;
				CLANG_WARN_OBJC_LITERAL_CONVERSION = YES;
				CLANG_WARN_OBJC_ROOT_CLASS = YES_ERROR;
				CLANG_WARN_QUOTED_INCLUDE_IN_FRAMEWORK_HEADER = YES;
				CLANG_WARN_RANGE_LOOP_ANALYSIS = YES;
				CLANG_WARN_STRICT_PROTOTYPES = YES;
				CLANG_WARN_SUSPICIOUS_MOVE = YES;
				CLANG_WARN_UNGUARDED_AVAILABILITY = YES_AGGRESSIVE;
				CLANG_WARN_UNREACHABLE_CODE = YES;
				CLANG_WARN__DUPLICATE_METHOD_MATCH = YES;
				COPY_PHASE_STRIP = NO;
				DEBUG_INFORMATION_FORMAT = dwarf;
				ENABLE_STRICT_OBJC_MSGSEND = YES;
				ENABLE_TESTABILITY = YES;
				GCC_C_LANGUAGE_STANDARD = gnu11;
				GCC_DYNAMIC_NO_PIC = NO;
				GCC_NO_COMMON_BLOCKS = YES;
				GCC_OPTIMIZATION_LEVEL = 0;
				GCC_PREPROCESSOR_DEFINITIONS = (
					"$(inherited)",
					"DEBUG=1",
				);
				GCC_WARN_64_TO_32_BIT_CONVERSION = YES;
				GCC_WARN_ABOUT_RETURN_TYPE = YES_ERROR;
				GCC_WARN_UNDECLARED_SELECTOR = YES;
				GCC_WARN_UNINITIALIZED_AUTOS = YES_AGGRESSIVE;
				GCC_WARN_UNUSED_FUNCTION = YES;
				GCC_WARN_UNUSED_VARIABLE = YES;
				IPHONEOS_DEPLOYMENT_TARGET = 16.0;
				MTL_ENABLE_DEBUG_INFO = INCLUDE_SOURCE;
				MTL_FAST_MATH = YES;
				ONLY_ACTIVE_ARCH = YES;
				PRODUCT_NAME = "$(TARGET_NAME)";
				SDKROOT = iphoneos;
				SWIFT_ACTIVE_COMPILATION_CONDITIONS = DEBUG;
				SWIFT_OPTIMIZATION_LEVEL = "-Onone";
				SWIFT_VERSION = 5.0;
			};
			name = Debug;
		};
		A79AF547488FFA4504152247 /* Release */ = {
			isa = XCBuildConfiguration;
			buildSettings = {
				ASSETCATALOG_COMPILER_APPICON_NAME = AppIcon;
				CODE_SIGN_IDENTITY = "iPhone Developer";
				CURRENT_PROJECT_VERSION = 1;
				GENERATE_INFOPLIST_FILE = NO;
				INFOPLIST_FILE = Info.plist;
				IPHONEOS_DEPLOYMENT_TARGET = 16.0;
				LD_RUNPATH_SEARCH_PATHS = (
					"$(inherited)",
					"@executable_path/Frameworks",
				);
				MARKETING_VERSION = 1.0;
				PRODUCT_BUNDLE_IDENTIFIER = com.lucastsui.GroovePlayer;
				SDKROOT = iphoneos;
				TARGETED_DEVICE_FAMILY = "1,2";
			};
			name = Release;
		};
		D1E830CBD5D270BC5ACD4FF4 /* Debug */ = {
			isa = XCBuildConfiguration;
			buildSettings = {
				ASSETCATALOG_COMPILER_APPICON_NAME = AppIcon;
				CODE_SIGN_IDENTITY = "iPhone Developer";
				CURRENT_PROJECT_VERSION = 1;
				GENERATE_INFOPLIST_FILE = NO;
				INFOPLIST_FILE = Info.plist;
				IPHONEOS_DEPLOYMENT_TARGET = 16.0;
				LD_RUNPATH_SEARCH_PATHS = (
					"$(inherited)",
					"@executable_path/Frameworks",
				);
				MARKETING_VERSION = 1.0;
				PRODUCT_BUNDLE_IDENTIFIER = com.lucastsui.GroovePlayer;
				SDKROOT = iphoneos;
				TARGETED_DEVICE_FAMILY = "1,2";
			};
			name = Debug;
		};
		E1D6348D4DB6F2BDA95FB5A3 /* Debug */ = {
			isa = XCBuildConfiguration;
			buildSettings = {
				BUNDLE_LOADER = "$(TEST_HOST)";
				GENERATE_INFOPLIST_FILE = YES;
				IPHONEOS_DEPLOYMENT_TARGET = 16.0;
				LD_RUNPATH_SEARCH_PATHS = (
					"$(inherited)",
					"@executable_path/Frameworks",
					"@loader_path/Frameworks",
				);
				PRODUCT_BUNDLE_IDENTIFIER = com.lucastsui.GroovePlayerTests;
				SDKROOT = iphoneos;
				TARGETED_DEVICE_FAMILY = "1,2";
				TEST_HOST = "$(BUILT_PRODUCTS_DIR)/GroovePlayer.app/GroovePlayer";
			};
			name = Debug;
		};
/* End XCBuildConfiguration section */

/* Begin XCConfigurationList section */
		1051C11935DEBCF4A93757B4 /* Build configuration list for PBXNativeTarget "GroovePlayer" */ = {
			isa = XCConfigurationList;
			buildConfigurations = (
				D1E830CBD5D270BC5ACD4FF4 /* Debug */,
				A79AF547488FFA4504152247 /* Release */,
			);
			defaultConfigurationIsVisible = 0;
			defaultConfigurationName = Debug;
		};
		77DF7B45CA8719128BDCAAE0 /* Build configuration list for PBXProject "GroovePlayer" */ = {
			isa = XCConfigurationList;
			buildConfigurations = (
				9B873CD6FA931C2D585B76D5 /* Debug */,
				8EC1E30D326591D79FBCD05F /* Release */,
			);
			defaultConfigurationIsVisible = 0;
			defaultConfigurationName = Debug;
		};
		79AFA9F5D1118ED0BA8C34BF /* Build configuration list for PBXNativeTarget "GroovePlayerUITests" */ = {
			isa = XCConfigurationList;
			buildConfigurations = (
				8EDD2674173910F070EF045B /* Debug */,
				66FFAC9E6AE5EFBC0230631D /* Release */,
			);
			defaultConfigurationIsVisible = 0;
			defaultConfigurationName = Debug;
		};
		9CF83F7EB21F857C65BC2B19 /* Build configuration list for PBXNativeTarget "GroovePlayerTests" */ = {
			isa = XCConfigurationList;
			buildConfigurations = (
				E1D6348D4DB6F2BDA95FB5A3 /* Debug */,
				7AB31707ECC1C3857FB3E0B3 /* Release */,
			);
			defaultConfigurationIsVisible = 0;
			defaultConfigurationName = Debug;
		};
/* End XCConfigurationList section */

/* Begin XCLocalSwiftPackageReference section */
		68E60E34AF59D99878063591 /* XCLocalSwiftPackageReference "../MGMKit" */ = {
			isa = XCLocalSwiftPackageReference;
			relativePath = ../MGMKit;
		};
/* End XCLocalSwiftPackageReference section */

/* Begin XCSwiftPackageProductDependency section */
		29D527B76E2A4F309DDB3B70 /* MGMKit */ = {
			isa = XCSwiftPackageProductDependency;
			productName = MGMKit;
		};
		629A2817D24B71B8B4D589E9 /* MGMKit */ = {
			isa = XCSwiftPackageProductDependency;
			productName = MGMKit;
		};
/* End XCSwiftPackageProductDependency section */
	};
	rootObject = 74E9D14A3A512CD785B1FC81 /* Project object */;
}
