// !$*UTF8*$!
{
	archiveVersion = 1;
	classes = {
	};
	objectVersion = 77;
	objects = {

/* Begin PBXBuildFile section */
		0B49BD178531D7E921EECD51 /* amen.wav in Resources */ = {isa = PBXBuildFile; fileRef = B1B824CA8338CFBF8C87FF82 /* amen.wav */; };
		10222A13B11097532760642A /* straight_target.wav in Resources */ = {isa = PBXBuildFile; fileRef = 5FB2B9E9CD86A2C947419DF5 /* straight_target.wav */; };
		10593D57FC3B2A6D37F0E684 /* groove_library.json in Resources */ = {isa = PBXBuildFile; fileRef = 4491F74801CF24797ABA9D80 /* groove_library.json */; };
		3E9E536ABC0E13369B8BE9E4 /* AudioEngine.swift in Sources */ = {isa = PBXBuildFile; fileRef = 03E800A5EF2773135A8E94DF /* AudioEngine.swift */; };
		4BA94FD98D07958346A7AC77 /* GroovePlayerApp.swift in Sources */ = {isa = PBXBuildFile; fileRef = DF3686C236103DCCD4423755 /* GroovePlayerApp.swift */; };
		740CDEC1F7FAD8BE9C3F6318 /* ContentView.swift in Sources */ = {isa = PBXBuildFile; fileRef = 3EA8F3F638D1889B2FE1A8D2 /* ContentView.swift */; };
		745CBE69BC2B77B25AE05D19 /* Store.swift in Sources */ = {isa = PBXBuildFile; fileRef = B884F8BFA85F90A3A569B8FA /* Store.swift */; };
		9E40DFBF58824435A6E24988 /* MGMKit in Frameworks */ = {isa = PBXBuildFile; productRef = 629A2817D24B71B8B4D589E9 /* MGMKit */; };
/* End PBXBuildFile section */

/* Begin PBXFileReference section */
		03E800A5EF2773135A8E94DF /* AudioEngine.swift */ = {isa = PBXFileReference; lastKnownFileType = sourcecode.swift; path = AudioEngine.swift; sourceTree = "<group>"; };
		3EA8F3F638D1889B2FE1A8D2 /* ContentView.swift */ = {isa = PBXFileReference; lastKnownFileType = sourcecode.swift; path = ContentView.swift; sourceTree = "<group>"; };
		4491F74801CF24797ABA9D80 /* groove_library.json */ = {isa = PBXFileReference; lastKnownFileType = text.json; path = groove_library.json; sourceTree = "<group>"; };
		5FB2B9E9CD86A2C947419DF5 /* straight_target.wav */ = {isa = PBXFileReference; lastKnownFileType = audio.wav; path = straight_target.wav; sourceTree = "<group>"; };
		6BCC4B78F075C08E4E76D261 /* MGMKit */ = {isa = PBXFileReference; lastKnownFileType = folder; name = MGMKit; path = ../MGMKit; sourceTree = SOURCE_ROOT; };
		B1B824CA8338CFBF8C87FF82 /* amen.wav */ = {isa = PBXFileReference; lastKnownFileType = audio.wav; path = amen.wav; sourceTree = "<group>"; };
		B884F8BFA85F90A3A569B8FA /* Store.swift */ = {isa = PBXFileReference; lastKnownFileType = sourcecode.swift; path = Store.swift; sourceTree = "<group>"; };
		CB6A98B7D0417CE847CD143A /* GroovePlayer.app */ = {isa = PBXFileReference; includeInIndex = 0; lastKnownFileType = wrapper.application; path = GroovePlayer.app; sourceTree = BUILT_PRODUCTS_DIR; };
		DF3686C236103DCCD4423755 /* GroovePlayerApp.swift */ = {isa = PBXFileReference; lastKnownFileType = sourcecode.swift; path = GroovePlayerApp.swift; sourceTree = "<group>"; };
/* End PBXFileReference section */

/* Begin PBXFrameworksBuildPhase section */
		0544612D60AB58BFE74997E4 /* Frameworks */ = {
			isa = PBXFrameworksBuildPhase;
			buildActionMask = 2147483647;
			files = (
				9E40DFBF58824435A6E24988 /* MGMKit in Frameworks */,
			);
			runOnlyForDeploymentPostprocessing = 0;
		};
/* End PBXFrameworksBuildPhase section */

/* Begin PBXGroup section */
		1CF6639C884E54DEDEC7CFD8 = {
			isa = PBXGroup;
			children = (
				7DD1384E63BDAD43D4D27DB6 /* Packages */,
				98E406D710F9CE6E7B75E5A3 /* Resources */,
				74987F160838EA0CC96F3C36 /* Sources */,
				6908D38D48CD0689C981D2F7 /* Products */,
			);
			sourceTree = "<group>";
		};
		6908D38D48CD0689C981D2F7 /* Products */ = {
			isa = PBXGroup;
			children = (
				CB6A98B7D0417CE847CD143A /* GroovePlayer.app */,
			);
			name = Products;
			sourceTree = "<group>";
		};
		74987F160838EA0CC96F3C36 /* Sources */ = {
			isa = PBXGroup;
			children = (
				03E800A5EF2773135A8E94DF /* AudioEngine.swift */,
				3EA8F3F638D1889B2FE1A8D2 /* ContentView.swift */,
				DF3686C236103DCCD4423755 /* GroovePlayerApp.swift */,
				B884F8BFA85F90A3A569B8FA /* Store.swift */,
			);
			path = Sources;
			sourceTree = "<group>";
		};
		7DD1384E63BDAD43D4D27DB6 /* Packages */ = {
			isa = PBXGroup;
			children = (
				6BCC4B78F075C08E4E76D261 /* MGMKit */,
			);
			name = Packages;
			sourceTree = "<group>";
		};
		98E406D710F9CE6E7B75E5A3 /* Resources */ = {
			isa = PBXGroup;
			children = (
				B1B824CA8338CFBF8C87FF82 /* amen.wav */,
				4491F74801CF24797ABA9D80 /* groove_library.json */,
				5FB2B9E9CD86A2C947419DF5 /* straight_target.wav */,
			);
			path = Resources;
			sourceTree = "<group>";
		};
/* End PBXGroup section */

/* Begin PBXNativeTarget section */
		943218B91F6A5ADF5518FB22 /* GroovePlayer */ = {
			isa = PBXNativeTarget;
			buildConfigurationList = 1051C11935DEBCF4A93757B4 /* Build configuration list for PBXNativeTarget "GroovePlayer" */;
			buildPhases = (
				C4A6F8C88C9465274C7EFC3D /* Sources */,
				D0D3EDBF92AA05E9DBC21BBD /* Resources */,
				0544612D60AB58BFE74997E4 /* Frameworks */,
			);
			buildRules = (
			);
			dependencies = (
			);
			name = GroovePlayer;
			packageProductDependencies = (
				629A2817D24B71B8B4D589E9 /* MGMKit */,
			);
			productName = GroovePlayer;
			productReference = CB6A98B7D0417CE847CD143A /* GroovePlayer.app */;
			productType = "com.apple.product-type.application";
		};
/* End PBXNativeTarget section */

/* Begin PBXProject section */
		74E9D14A3A512CD785B1FC81 /* Project object */ = {
			isa = PBXProject;
			attributes = {
				BuildIndependentTargetsInParallel = YES;
				LastUpgradeCheck = 1430;
				TargetAttributes = {
				};
			};
			buildConfigurationList = 77DF7B45CA8719128BDCAAE0 /* Build configuration list for PBXProject "GroovePlayer" */;
			developmentRegion = en;
			hasScannedForEncodings = 0;
			knownRegions = (
				Base,
				en,
			);
			mainGroup = 1CF6639C884E54DEDEC7CFD8;
			minimizedProjectReferenceProxies = 1;
			packageReferences = (
				68E60E34AF59D99878063591 /* XCLocalSwiftPackageReference "../MGMKit" */,
			);
			preferredProjectObjectVersion = 77;
			productRefGroup = 6908D38D48CD0689C981D2F7 /* Products */;
			projectDirPath = "";
			projectRoot = "";
			targets = (
				943218B91F6A5ADF5518FB22 /* GroovePlayer */,
			);
		};
/* End PBXProject section */

/* Begin PBXResourcesBuildPhase section */
		D0D3EDBF92AA05E9DBC21BBD /* Resources */ = {
			isa = PBXResourcesBuildPhase;
			buildActionMask = 2147483647;
			files = (
				0B49BD178531D7E921EECD51 /* amen.wav in Resources */,
				10593D57FC3B2A6D37F0E684 /* groove_library.json in Resources */,
				10222A13B11097532760642A /* straight_target.wav in Resources */,
			);
			runOnlyForDeploymentPostprocessing = 0;
		};
/* End PBXResourcesBuildPhase section */

/* Begin PBXSourcesBuildPhase section */
		C4A6F8C88C9465274C7EFC3D /* Sources */ = {
			isa = PBXSourcesBuildPhase;
			buildActionMask = 2147483647;
			files = (
				3E9E536ABC0E13369B8BE9E4 /* AudioEngine.swift in Sources */,
				740CDEC1F7FAD8BE9C3F6318 /* ContentView.swift in Sources */,
				4BA94FD98D07958346A7AC77 /* GroovePlayerApp.swift in Sources */,
				745CBE69BC2B77B25AE05D19 /* Store.swift in Sources */,
			);
			runOnlyForDeploymentPostprocessing = 0;
		};
/* End PBXSourcesBuildPhase section */

/* Begin XCBuildConfiguration section */
		8EC1E30D326591D79FBCD05F /* Release */ = {
			isa = XCBuildConfiguration;
			buildSettings = {
				ALWAYS_SEARCH_USER_PATHS = NO;
				CLANG_ANALYZER_NONNULL = YES;
				CLANG_ANALYZER_NUMBER_OBJECT_CONVERSION = YES_AGGRESSIVE;
				CLANG_CXX_LANGUAGE_STANDARD = "gnu++14";
				CLANG_CXX_LIBRARY = "libc++";
				CLANG_ENABLE_MODULES = YES;
				CLANG_ENABLE_OBJC_ARC = YES;
				CLANG_ENABLE_OBJC_WEAK = YES;
				CLANG_WARN_BLOCK_CAPTURE_AUTORELEASING = YES;
				CLANG_WARN_BOOL_CONVERSION = YES;
				CLANG_WARN_COMMA = YES;
				CLANG_WARN_CONSTANT_CONVERSION = YES;
				CLANG_WARN_DEPRECATED_OBJC_IMPLEMENTATIONS = YES;
				CLANG_WARN_DIRECT_OBJC_ISA_USAGE = YES_ERROR;
				CLANG_WARN_DOCUMENTATION_COMMENTS = YES;
				CLANG_WARN_EMPTY_BODY = YES;
				CLANG_WARN_ENUM_CONVERSION = YES;
				CLANG_WARN_INFINITE_RECURSION = YES;
				CLANG_WARN_INT_CONVERSION = YES;
				CLANG_WARN_NON_LITERAL_NULL_CONVERSION = YES;
				CLANG_WARN_OBJC_IMPLICIT_RETAIN_SELF = YES;
				CLANG_WARN_OBJC_LITERAL_CONVERSION = YES;
				CLANG_WARN_OBJC_ROOT_CLASS = YES_ERROR;
				CLANG_WARN_QUOTED_INCLUDE_IN_FRAMEWORK_HEADER = YES;
				CLANG_WARN_RANGE_LOOP_ANALYSIS = YES;
				CLANG_WARN_STRICT_PROTOTYPES = YES;
				CLANG_WARN_SUSPICIOUS_MOVE = YES;
				CLANG_WARN_UNGUARDED_AVAILABILITY = YES_AGGRESSIVE;
				CLANG_WARN_UNREACHABLE_CODE = YES;
				CLANG_WARN__DUPLICATE_METHOD_MATCH = YES;
				COPY_PHASE_STRIP = NO;
				DEBUG_INFORMATION_FORMAT = "dwarf-with-dsym";
				ENABLE_NS_ASSERTIONS = NO;
				ENABLE_STRICT_OBJC_MSGSEND = YES;
				GCC_C_LANGUAGE_STANDARD = gnu11;
				GCC_NO_COMMON_BLOCKS = YES;
				GCC_WARN_64_TO_32_BIT_CONVERSION = YES;
				GCC_WARN_ABOUT_RETURN_TYPE = YES_ERROR;
				GCC_WARN_UNDECLARED_SELECTOR = YES;
				GCC_WARN_UNINITIALIZED_AUTOS = YES_AGGRESSIVE;
				GCC_WARN_UNUSED_FUNCTION = YES;
				GCC_WARN_UNUSED_VARIABLE = YES;
				IPHONEOS_DEPLOYMENT_TARGET = 16.0;
				MTL_ENABLE_DEBUG_INFO = NO;
				MTL_FAST_MATH = YES;
				PRODUCT_NAME = "$(TARGET_NAME)";
				SDKROOT = iphoneos;
				SWIFT_COMPILATION_MODE = wholemodule;
				SWIFT_OPTIMIZATION_LEVEL = "-O";
				SWIFT_VERSION = 5.0;
			};
			name = Release;
		};
		9B873CD6FA931C2D585B76D5 /* Debug */ = {
			isa = XCBuildConfiguration;
			buildSettings = {
				ALWAYS_SEARCH_USER_PATHS = NO;
				CLANG_ANALYZER_NONNULL = YES;
				CLANG_ANALYZER_NUMBER_OBJECT_CONVERSION = YES_AGGRESSIVE;
				CLANG_CXX_LANGUAGE_STANDARD = "gnu++14";
				CLANG_CXX_LIBRARY = "libc++";
				CLANG_ENABLE_MODULES = YES;
				CLANG_ENABLE_OBJC_ARC = YES;
				CLANG_ENABLE_OBJC_WEAK = YES;
				CLANG_WARN_BLOCK_CAPTURE_AUTORELEASING = YES;
				CLANG_WARN_BOOL_CONVERSION = YES;
				CLANG_WARN_COMMA = YES;
				CLANG_WARN_CONSTANT_CONVERSION = YES;
				CLANG_WARN_DEPRECATED_OBJC_IMPLEMENTATIONS = YES;
				CLANG_WARN_DIRECT_OBJC_ISA_USAGE = YES_ERROR;
				CLANG_WARN_DOCUMENTATION_COMMENTS = YES;
				CLANG_WARN_EMPTY_BODY = YES;
				CLANG_WARN_ENUM_CONVERSION = YES;
				CLANG_WARN_INFINITE_RECURSION = YES;
				CLANG_WARN_INT_CONVERSION = YES;
				CLANG_WARN_NON_LITERAL_NULL_CONVERSION = YES;
				CLANG_WARN_OBJC_IMPLICIT_RETAIN_SELF = YES;
				CLANG_WARN_OBJC_LITERAL_CONVERSION = YES;
				CLANG_WARN_OBJC_ROOT_CLASS = YES_ERROR;
				CLANG_WARN_QUOTED_INCLUDE_IN_FRAMEWORK_HEADER = YES;
				CLANG_WARN_RANGE_LOOP_ANALYSIS = YES;
				CLANG_WARN_STRICT_PROTOTYPES = YES;
				CLANG_WARN_SUSPICIOUS_MOVE = YES;
				CLANG_WARN_UNGUARDED_AVAILABILITY = YES_AGGRESSIVE;
				CLANG_WARN_UNREACHABLE_CODE = YES;
				CLANG_WARN__DUPLICATE_METHOD_MATCH = YES;
				COPY_PHASE_STRIP = NO;
				DEBUG_INFORMATION_FORMAT = dwarf;
				ENABLE_STRICT_OBJC_MSGSEND = YES;
				ENABLE_TESTABILITY = YES;
				GCC_C_LANGUAGE_STANDARD = gnu11;
				GCC_DYNAMIC_NO_PIC = NO;
				GCC_NO_COMMON_BLOCKS = YES;
				GCC_OPTIMIZATION_LEVEL = 0;
				GCC_PREPROCESSOR_DEFINITIONS = (
					"$(inherited)",
					"DEBUG=1",
				);
				GCC_WARN_64_TO_32_BIT_CONVERSION = YES;
				GCC_WARN_ABOUT_RETURN_TYPE = YES_ERROR;
				GCC_WARN_UNDECLARED_SELECTOR = YES;
				GCC_WARN_UNINITIALIZED_AUTOS = YES_AGGRESSIVE;
				GCC_WARN_UNUSED_FUNCTION = YES;
				GCC_WARN_UNUSED_VARIABLE = YES;
				IPHONEOS_DEPLOYMENT_TARGET = 16.0;
				MTL_ENABLE_DEBUG_INFO = INCLUDE_SOURCE;
				MTL_FAST_MATH = YES;
				ONLY_ACTIVE_ARCH = YES;
				PRODUCT_NAME = "$(TARGET_NAME)";
				SDKROOT = iphoneos;
				SWIFT_ACTIVE_COMPILATION_CONDITIONS = DEBUG;
				SWIFT_OPTIMIZATION_LEVEL = "-Onone";
				SWIFT_VERSION = 5.0;
			};
			name = Debug;
		};
		A79AF547488FFA4504152247 /* Release */ = {
			isa = XCBuildConfiguration;
			buildSettings = {
				ASSETCATALOG_COMPILER_APPICON_NAME = AppIcon;
				CODE_SIGN_IDENTITY = "iPhone Developer";
				CURRENT_PROJECT_VERSION = 1;
				GENERATE_INFOPLIST_FILE = NO;
				INFOPLIST_FILE = Info.plist;
				IPHONEOS_DEPLOYMENT_TARGET = 16.0;
				LD_RUNPATH_SEARCH_PATHS = (
					"$(inherited)",
					"@executable_path/Frameworks",
				);
				MARKETING_VERSION = 1.0;
				PRODUCT_BUNDLE_IDENTIFIER = com.lucastsui.GroovePlayer;
				SDKROOT = iphoneos;
				TARGETED_DEVICE_FAMILY = "1,2";
			};
			name = Release;
		};
		D1E830CBD5D270BC5ACD4FF4 /* Debug */ = {
			isa = XCBuildConfiguration;
			buildSettings = {
				ASSETCATALOG_COMPILER_APPICON_NAME = AppIcon;
				CODE_SIGN_IDENTITY = "iPhone Developer";
				CURRENT_PROJECT_VERSION = 1;
				GENERATE_INFOPLIST_FILE = NO;
				INFOPLIST_FILE = Info.plist;
				IPHONEOS_DEPLOYMENT_TARGET = 16.0;
				LD_RUNPATH_SEARCH_PATHS = (
					"$(inherited)",
					"@executable_path/Frameworks",
				);
				MARKETING_VERSION = 1.0;
				PRODUCT_BUNDLE_IDENTIFIER = com.lucastsui.GroovePlayer;
				SDKROOT = iphoneos;
				TARGETED_DEVICE_FAMILY = "1,2";
			};
			name = Debug;
		};
/* End XCBuildConfiguration section */

/* Begin XCConfigurationList section */
		1051C11935DEBCF4A93757B4 /* Build configuration list for PBXNativeTarget "GroovePlayer" */ = {
			isa = XCConfigurationList;
			buildConfigurations = (
				D1E830CBD5D270BC5ACD4FF4 /* Debug */,
				A79AF547488FFA4504152247 /* Release */,
			);
			defaultConfigurationIsVisible = 0;
			defaultConfigurationName = Debug;
		};
		77DF7B45CA8719128BDCAAE0 /* Build configuration list for PBXProject "GroovePlayer" */ = {
			isa = XCConfigurationList;
			buildConfigurations = (
				9B873CD6FA931C2D585B76D5 /* Debug */,
				8EC1E30D326591D79FBCD05F /* Release */,
			);
			defaultConfigurationIsVisible = 0;
			defaultConfigurationName = Debug;
		};
/* End XCConfigurationList section */

/* Begin XCLocalSwiftPackageReference section */
		68E60E34AF59D99878063591 /* XCLocalSwiftPackageReference "../MGMKit" */ = {
			isa = XCLocalSwiftPackageReference;
			relativePath = ../MGMKit;
		};
/* End XCLocalSwiftPackageReference section */

/* Begin XCSwiftPackageProductDependency section */
		629A2817D24B71B8B4D589E9 /* MGMKit */ = {
			isa = XCSwiftPackageProductDependency;
			productName = MGMKit;
		};
/* End XCSwiftPackageProductDependency section */
	};
	rootObject = 74E9D14A3A512CD785B1FC81 /* Project object */;
}
